
Microsoft Visual Studio Solution File, Format Version 12.00
# Visual Studio Version 17
VisualStudioVersion = 17.1.32210.238
MinimumVisualStudioVersion = 10.0.40219.1
Project("{FAE04EC0-301F-11D3-BF4B-00C04F79EFBC}") = "GIFTCARDS", "GIFTCARDS\GIFTCARDS.csproj", "{313150E0-B537-450D-92F4-4AEE18AE465E}"
EndProject
Global
	GlobalSection(SolutionConfigurationPlatforms) = preSolution
		Debug|Any CPU = Debug|Any CPU
		Release|Any CPU = Release|Any CPU
	EndGlobalSection
	GlobalSection(ProjectConfigurationPlatforms) = postSolution
		{313150E0-B537-450D-92F4-4AEE18AE465E}.Debug|Any CPU.ActiveCfg = Debug|Any CPU
		{313150E0-B537-450D-92F4-4AEE18AE465E}.Debug|Any CPU.Build.0 = Debug|Any CPU
		{313150E0-B537-450D-92F4-4AEE18AE465E}.Release|Any CPU.ActiveCfg = Release|Any CPU
		{313150E0-B537-450D-92F4-4AEE18AE465E}.Release|Any CPU.Build.0 = Release|Any CPU
	EndGlobalSection
	GlobalSection(SolutionProperties) = preSolution
		HideSolutionNode = FALSE
	EndGlobalSection
	GlobalSection(ExtensibilityGlobals) = postSolution
		SolutionGuid = {98386A15-C806-4647-BC55-F79D9E9710E8}
	EndGlobalSection
EndGlobal
